// !$*UTF8*$!
{
	archiveVersion = 1;
	classes = {
	};
	objectVersion = 55;
	objects = {

/* Begin PBXBuildFile section */
		3091EA2B27A2DA7A00249DFA /* AppDelegate.swift in Sources */ = {isa = PBXBuildFile; fileRef = 3091EA2A27A2DA7A00249DFA /* AppDelegate.swift */; };
		3091EA2D27A2DA7A00249DFA /* SceneDelegate.swift in Sources */ = {isa = PBXBuildFile; fileRef = 3091EA2C27A2DA7A00249DFA /* SceneDelegate.swift */; };
		3091EA2F27A2DA7A00249DFA /* ViewController.swift in Sources */ = {isa = PBXBuildFile; fileRef = 3091EA2E27A2DA7A00249DFA /* ViewController.swift */; };
		3091EA3227A2DA7A00249DFA /* Main.storyboard in Resources */ = {isa = PBXBuildFile; fileRef = 3091EA3027A2DA7A00249DFA /* Main.storyboard */; };
		3091EA3527A2DA7A00249DFA /* getsome.xcdatamodeld in Sources */ = {isa = PBXBuildFile; fileRef = 3091EA3327A2DA7A00249DFA /* getsome.xcdatamodeld */; };
		3091EA3727A2DA7C00249DFA /* Assets.xcassets in Resources */ = {isa = PBXBuildFile; fileRef = 3091EA3627A2DA7C00249DFA /* Assets.xcassets */; };
		3091EA3A27A2DA7C00249DFA /* LaunchScreen.storyboard in Resources */ = {isa = PBXBuildFile; fileRef = 3091EA3827A2DA7C00249DFA /* LaunchScreen.storyboard */; };
		30BC9C4A27A6BF3C00463AA2 /* ReminderVC.swift in Sources */ = {isa = PBXBuildFile; fileRef = 30BC9C4927A6BF3C00463AA2 /* ReminderVC.swift */; };
		30BC9C4C27A6C91200463AA2 /* GoalVC.swift in Sources */ = {isa = PBXBuildFile; fileRef = 30BC9C4B27A6C91200463AA2 /* GoalVC.swift */; };
		30BC9C4F27A6E94500463AA2 /* water.wav in Resources */ = {isa = PBXBuildFile; fileRef = 30BC9C4E27A6E94500463AA2 /* water.wav */; };
/* End PBXBuildFile section */

/* Begin PBXFileReference section */
		3091EA2727A2DA7A00249DFA /* getsome.app */ = {isa = PBXFileReference; explicitFileType = wrapper.application; includeInIndex = 0; path = getsome.app; sourceTree = BUILT_PRODUCTS_DIR; };
		3091EA2A27A2DA7A00249DFA /* AppDelegate.swift */ = {isa = PBXFileReference; lastKnownFileType = sourcecode.swift; path = AppDelegate.swift; sourceTree = "<group>"; };
		3091EA2C27A2DA7A00249DFA /* SceneDelegate.swift */ = {isa = PBXFileReference; lastKnownFileType = sourcecode.swift; path = SceneDelegate.swift; sourceTree = "<group>"; };
		3091EA2E27A2DA7A00249DFA /* ViewController.swift */ = {isa = PBXFileReference; lastKnownFileType = sourcecode.swift; path = ViewController.swift; sourceTree = "<group>"; };
		3091EA3127A2DA7A00249DFA /* Base */ = {isa = PBXFileReference; lastKnownFileType = file.storyboard; name = Base; path = Base.lproj/Main.storyboard; sourceTree = "<group>"; };
		3091EA3427A2DA7A00249DFA /* getsome.xcdatamodel */ = {isa = PBXFileReference; lastKnownFileType = wrapper.xcdatamodel; path = getsome.xcdatamodel; sourceTree = "<group>"; };
		3091EA3627A2DA7C00249DFA /* Assets.xcassets */ = {isa = PBXFileReference; lastKnownFileType = folder.assetcatalog; path = Assets.xcassets; sourceTree = "<group>"; };
		3091EA3927A2DA7C00249DFA /* Base */ = {isa = PBXFileReference; lastKnownFileType = file.storyboard; name = Base; path = Base.lproj/LaunchScreen.storyboard; sourceTree = "<group>"; };
		3091EA3B27A2DA7C00249DFA /* Info.plist */ = {isa = PBXFileReference; lastKnownFileType = text.plist.xml; path = Info.plist; sourceTree = "<group>"; };
		30BC9C4927A6BF3C00463AA2 /* ReminderVC.swift */ = {isa = PBXFileReference; lastKnownFileType = sourcecode.swift; path = ReminderVC.swift; sourceTree = "<group>"; };
		30BC9C4B27A6C91200463AA2 /* GoalVC.swift */ = {isa = PBXFileReference; lastKnownFileType = sourcecode.swift; path = GoalVC.swift; sourceTree = "<group>"; };
		30BC9C4E27A6E94500463AA2 /* water.wav */ = {isa = PBXFileReference; lastKnownFileType = audio.wav; path = water.wav; sourceTree = "<group>"; };
/* End PBXFileReference section */

/* Begin PBXFrameworksBuildPhase section */
		3091EA2427A2DA7A00249DFA /* Frameworks */ = {
			isa = PBXFrameworksBuildPhase;
			buildActionMask = 2147483647;
			files = (
			);
			runOnlyForDeploymentPostprocessing = 0;
		};
/* End PBXFrameworksBuildPhase section */

/* Begin PBXGroup section */
		3091EA1E27A2DA7A00249DFA = {
			isa = PBXGroup;
			children = (
				3091EA2927A2DA7A00249DFA /* getsome */,
				3091EA2827A2DA7A00249DFA /* Products */,
			);
			sourceTree = "<group>";
		};
		3091EA2827A2DA7A00249DFA /* Products */ = {
			isa = PBXGroup;
			children = (
				3091EA2727A2DA7A00249DFA /* getsome.app */,
			);
			name = Products;
			sourceTree = "<group>";
		};
		3091EA2927A2DA7A00249DFA /* getsome */ = {
			isa = PBXGroup;
			children = (
				3091EA2A27A2DA7A00249DFA /* AppDelegate.swift */,
				3091EA2C27A2DA7A00249DFA /* SceneDelegate.swift */,
				30BC9C4D27A6E7BE00463AA2 /* Controllers */,
				3091EA3027A2DA7A00249DFA /* Main.storyboard */,
				3091EA3627A2DA7C00249DFA /* Assets.xcassets */,
				3091EA3827A2DA7C00249DFA /* LaunchScreen.storyboard */,
				3091EA3B27A2DA7C00249DFA /* Info.plist */,
				3091EA3327A2DA7A00249DFA /* getsome.xcdatamodeld */,
				30BC9C5027A6E94A00463AA2 /* Sounds */,
			);
			path = getsome;
			sourceTree = "<group>";
		};
		30BC9C4D27A6E7BE00463AA2 /* Controllers */ = {
			isa = PBXGroup;
			children = (
				3091EA2E27A2DA7A00249DFA /* ViewController.swift */,
				30BC9C4927A6BF3C00463AA2 /* ReminderVC.swift */,
				30BC9C4B27A6C91200463AA2 /* GoalVC.swift */,
			);
			path = Controllers;
			sourceTree = "<group>";
		};
		30BC9C5027A6E94A00463AA2 /* Sounds */ = {
			isa = PBXGroup;
			children = (
				30BC9C4E27A6E94500463AA2 /* water.wav */,
			);
			path = Sounds;
			sourceTree = "<group>";
		};
/* End PBXGroup section */

/* Begin PBXNativeTarget section */
		3091EA2627A2DA7A00249DFA /* getsome */ = {
			isa = PBXNativeTarget;
			buildConfigurationList = 3091EA3E27A2DA7C00249DFA /* Build configuration list for PBXNativeTarget "getsome" */;
			buildPhases = (
				3091EA2327A2DA7A00249DFA /* Sources */,
				3091EA2427A2DA7A00249DFA /* Frameworks */,
				3091EA2527A2DA7A00249DFA /* Resources */,
			);
			buildRules = (
			);
			dependencies = (
			);
			name = getsome;
			productName = getsome;
			productReference = 3091EA2727A2DA7A00249DFA /* getsome.app */;
			productType = "com.apple.product-type.application";
		};
/* End PBXNativeTarget section */

/* Begin PBXProject section */
		3091EA1F27A2DA7A00249DFA /* Project object */ = {
			isa = PBXProject;
			attributes = {
				BuildIndependentTargetsInParallel = 1;
				LastSwiftUpdateCheck = 1310;
				LastUpgradeCheck = 1310;
				TargetAttributes = {
					3091EA2627A2DA7A00249DFA = {
						CreatedOnToolsVersion = 13.1;
					};
				};
			};
			buildConfigurationList = 3091EA2227A2DA7A00249DFA /* Build configuration list for PBXProject "getsome" */;
			compatibilityVersion = "Xcode 13.0";
			developmentRegion = en;
			hasScannedForEncodings = 0;
			knownRegions = (
				en,
				Base,
			);
			mainGroup = 3091EA1E27A2DA7A00249DFA;
			productRefGroup = 3091EA2827A2DA7A00249DFA /* Products */;
			projectDirPath = "";
			projectRoot = "";
			targets = (
				3091EA2627A2DA7A00249DFA /* getsome */,
			);
		};
/* End PBXProject section */

/* Begin PBXResourcesBuildPhase section */
		3091EA2527A2DA7A00249DFA /* Resources */ = {
			isa = PBXResourcesBuildPhase;
			buildActionMask = 2147483647;
			files = (
				30BC9C4F27A6E94500463AA2 /* water.wav in Resources */,
				3091EA3A27A2DA7C00249DFA /* LaunchScreen.storyboard in Resources */,
				3091EA3727A2DA7C00249DFA /* Assets.xcassets in Resources */,
				3091EA3227A2DA7A00249DFA /* Main.storyboard in Resources */,
			);
			runOnlyForDeploymentPostprocessing = 0;
		};
/* End PBXResourcesBuildPhase section */

/* Begin PBXSourcesBuildPhase section */
		3091EA2327A2DA7A00249DFA /* Sources */ = {
			isa = PBXSourcesBuildPhase;
			buildActionMask = 2147483647;
			files = (
				3091EA3527A2DA7A00249DFA /* getsome.xcdatamodeld in Sources */,
				30BC9C4C27A6C91200463AA2 /* GoalVC.swift in Sources */,
				3091EA2F27A2DA7A00249DFA /* ViewController.swift in Sources */,
				30BC9C4A27A6BF3C00463AA2 /* ReminderVC.swift in Sources */,
				3091EA2B27A2DA7A00249DFA /* AppDelegate.swift in Sources */,
				3091EA2D27A2DA7A00249DFA /* SceneDelegate.swift in Sources */,
			);
			runOnlyForDeploymentPostprocessing = 0;
		};
/* End PBXSourcesBuildPhase section */

/* Begin PBXVariantGroup section */
		3091EA3027A2DA7A00249DFA /* Main.storyboard */ = {
			isa = PBXVariantGroup;
			children = (
				3091EA3127A2DA7A00249DFA /* Base */,
			);
			name = Main.storyboard;
			sourceTree = "<group>";
		};
		3091EA3827A2DA7C00249DFA /* LaunchScreen.storyboard */ = {
			isa = PBXVariantGroup;
			children = (
				3091EA3927A2DA7C00249DFA /* Base */,
			);
			name = LaunchScreen.storyboard;
			sourceTree = "<group>";
		};
/* End PBXVariantGroup section */

/* Begin XCBuildConfiguration section */
		3091EA3C27A2DA7C00249DFA /* Debug */ = {
			isa = XCBuildConfiguration;
			buildSettings = {
				ALWAYS_SEARCH_USER_PATHS = NO;
				CLANG_ANALYZER_NONNULL = YES;
				CLANG_ANALYZER_NUMBER_OBJECT_CONVERSION = YES_AGGRESSIVE;
				CLANG_CXX_LANGUAGE_STANDARD = "gnu++17";
				CLANG_CXX_LIBRARY = "libc++";
				CLANG_ENABLE_MODULES = YES;
				CLANG_ENABLE_OBJC_ARC = YES;
				CLANG_ENABLE_OBJC_WEAK = YES;
				CLANG_WARN_BLOCK_CAPTURE_AUTORELEASING = YES;
				CLANG_WARN_BOOL_CONVERSION = YES;
				CLANG_WARN_COMMA = YES;
				CLANG_WARN_CONSTANT_CONVERSION = YES;
				CLANG_WARN_DEPRECATED_OBJC_IMPLEMENTATIONS = YES;
				CLANG_WARN_DIRECT_OBJC_ISA_USAGE = YES_ERROR;
				CLANG_WARN_DOCUMENTATION_COMMENTS = YES;
				CLANG_WARN_EMPTY_BODY = YES;
				CLANG_WARN_ENUM_CONVERSION = YES;
				CLANG_WARN_INFINITE_RECURSION = YES;
				CLANG_WARN_INT_CONVERSION = YES;
				CLANG_WARN_NON_LITERAL_NULL_CONVERSION = YES;
				CLANG_WARN_OBJC_IMPLICIT_RETAIN_SELF = YES;
				CLANG_WARN_OBJC_LITERAL_CONVERSION = YES;
				CLANG_WARN_OBJC_ROOT_CLASS = YES_ERROR;
				CLANG_WARN_QUOTED_INCLUDE_IN_FRAMEWORK_HEADER = YES;
				CLANG_WARN_RANGE_LOOP_ANALYSIS = YES;
				CLANG_WARN_STRICT_PROTOTYPES = YES;
				CLANG_WARN_SUSPICIOUS_MOVE = YES;
				CLANG_WARN_UNGUARDED_AVAILABILITY = YES_AGGRESSIVE;
				CLANG_WARN_UNREACHABLE_CODE = YES;
				CLANG_WARN__DUPLICATE_METHOD_MATCH = YES;
				COPY_PHASE_STRIP = NO;
				DEBUG_INFORMATION_FORMAT = dwarf;
				ENABLE_STRICT_OBJC_MSGSEND = YES;
				ENABLE_TESTABILITY = YES;
				GCC_C_LANGUAGE_STANDARD = gnu11;
				GCC_DYNAMIC_NO_PIC = NO;
				GCC_NO_COMMON_BLOCKS = YES;
				GCC_OPTIMIZATION_LEVEL = 0;
				GCC_PREPROCESSOR_DEFINITIONS = (
					"DEBUG=1",
					"$(inherited)",
				);
				GCC_WARN_64_TO_32_BIT_CONVERSION = YES;
				GCC_WARN_ABOUT_RETURN_TYPE = YES_ERROR;
				GCC_WARN_UNDECLARED_SELECTOR = YES;
				GCC_WARN_UNINITIALIZED_AUTOS = YES_AGGRESSIVE;
				GCC_WARN_UNUSED_FUNCTION = YES;
				GCC_WARN_UNUSED_VARIABLE = YES;
				IPHONEOS_DEPLOYMENT_TARGET = 15.0;
				MTL_ENABLE_DEBUG_INFO = INCLUDE_SOURCE;
				MTL_FAST_MATH = YES;
				ONLY_ACTIVE_ARCH = YES;
				SDKROOT = iphoneos;
				SWIFT_ACTIVE_COMPILATION_CONDITIONS = DEBUG;
				SWIFT_OPTIMIZATION_LEVEL = "-Onone";
			};
			name = Debug;
		};
		3091EA3D27A2DA7C00249DFA /* Release */ = {
			isa = XCBuildConfiguration;
			buildSettings = {
				ALWAYS_SEARCH_USER_PATHS = NO;
				CLANG_ANALYZER_NONNULL = YES;
				CLANG_ANALYZER_NUMBER_OBJECT_CONVERSION = YES_AGGRESSIVE;
				CLANG_CXX_LANGUAGE_STANDARD = "gnu++17";
				CLANG_CXX_LIBRARY = "libc++";
				CLANG_ENABLE_MODULES = YES;
				CLANG_ENABLE_OBJC_ARC = YES;
				CLANG_ENABLE_OBJC_WEAK = YES;
				CLANG_WARN_BLOCK_CAPTURE_AUTORELEASING = YES;
				CLANG_WARN_BOOL_CONVERSION = YES;
				CLANG_WARN_COMMA = YES;
				CLANG_WARN_CONSTANT_CONVERSION = YES;
				CLANG_WARN_DEPRECATED_OBJC_IMPLEMENTATIONS = YES;
				CLANG_WARN_DIRECT_OBJC_ISA_USAGE = YES_ERROR;
				CLANG_WARN_DOCUMENTATION_COMMENTS = YES;
				CLANG_WARN_EMPTY_BODY = YES;
				CLANG_WARN_ENUM_CONVERSION = YES;
				CLANG_WARN_INFINITE_RECURSION = YES;
				CLANG_WARN_INT_CONVERSION = YES;
				CLANG_WARN_NON_LITERAL_NULL_CONVERSION = YES;
				CLANG_WARN_OBJC_IMPLICIT_RETAIN_SELF = YES;
				CLANG_WARN_OBJC_LITERAL_CONVERSION = YES;
				CLANG_WARN_OBJC_ROOT_CLASS = YES_ERROR;
				CLANG_WARN_QUOTED_INCLUDE_IN_FRAMEWORK_HEADER = YES;
				CLANG_WARN_RANGE_LOOP_ANALYSIS = YES;
				CLANG_WARN_STRICT_PROTOTYPES = YES;
				CLANG_WARN_SUSPICIOUS_MOVE = YES;
				CLANG_WARN_UNGUARDED_AVAILABILITY = YES_AGGRESSIVE;
				CLANG_WARN_UNREACHABLE_CODE = YES;
				CLANG_WARN__DUPLICATE_METHOD_MATCH = YES;
				COPY_PHASE_STRIP = NO;
				DEBUG_INFORMATION_FORMAT = "dwarf-with-dsym";
				ENABLE_NS_ASSERTIONS = NO;
				ENABLE_STRICT_OBJC_MSGSEND = YES;
				GCC_C_LANGUAGE_STANDARD = gnu11;
				GCC_NO_COMMON_BLOCKS = YES;
				GCC_WARN_64_TO_32_BIT_CONVERSION = YES;
				GCC_WARN_ABOUT_RETURN_TYPE = YES_ERROR;
				GCC_WARN_UNDECLARED_SELECTOR = YES;
				GCC_WARN_UNINITIALIZED_AUTOS = YES_AGGRESSIVE;
				GCC_WARN_UNUSED_FUNCTION = YES;
				GCC_WARN_UNUSED_VARIABLE = YES;
				IPHONEOS_DEPLOYMENT_TARGET = 15.0;
				MTL_ENABLE_DEBUG_INFO = NO;
				MTL_FAST_MATH = YES;
				SDKROOT = iphoneos;
				SWIFT_COMPILATION_MODE = wholemodule;
				SWIFT_OPTIMIZATION_LEVEL = "-O";
				VALIDATE_PRODUCT = YES;
			};
			name = Release;
		};
		3091EA3F27A2DA7C00249DFA /* Debug */ = {
			isa = XCBuildConfiguration;
			buildSettings = {
				ASSETCATALOG_COMPILER_APPICON_NAME = AppIcon;
				ASSETCATALOG_COMPILER_GLOBAL_ACCENT_COLOR_NAME = AccentColor;
				CODE_SIGN_STYLE = Automatic;
				CURRENT_PROJECT_VERSION = 1;
				DEVELOPMENT_TEAM = 9694Q29RZR;
				GENERATE_INFOPLIST_FILE = YES;
				INFOPLIST_FILE = getsome/Info.plist;
				INFOPLIST_KEY_CFBundleDisplayName = "Get Some";
				INFOPLIST_KEY_UIApplicationSupportsIndirectInputEvents = YES;
				INFOPLIST_KEY_UILaunchStoryboardName = LaunchScreen;
				INFOPLIST_KEY_UIMainStoryboardFile = Main;
				INFOPLIST_KEY_UISupportedInterfaceOrientations = UIInterfaceOrientationPortrait;
				INFOPLIST_KEY_UISupportedInterfaceOrientations_iPad = "UIInterfaceOrientationPortrait UIInterfaceOrientationPortraitUpsideDown UIInterfaceOrientationLandscapeLeft UIInterfaceOrientationLandscapeRight";
				INFOPLIST_KEY_UISupportedInterfaceOrientations_iPhone = "UIInterfaceOrientationPortrait UIInterfaceOrientationLandscapeLeft UIInterfaceOrientationLandscapeRight";
				IPHONEOS_DEPLOYMENT_TARGET = 13.0;
				LD_RUNPATH_SEARCH_PATHS = (
					"$(inherited)",
					"@executable_path/Frameworks",
				);
				MARKETING_VERSION = 1.0;
				PRODUCT_BUNDLE_IDENTIFIER = com.oblomov.getsome;
				PRODUCT_NAME = "$(TARGET_NAME)";
				SWIFT_EMIT_LOC_STRINGS = YES;
				SWIFT_VERSION = 5.0;
				TARGETED_DEVICE_FAMILY = 1;
			};
			name = Debug;
		};
		3091EA4027A2DA7C00249DFA /* Release */ = {
			isa = XCBuildConfiguration;
			buildSettings = {
				ASSETCATALOG_COMPILER_APPICON_NAME = AppIcon;
				ASSETCATALOG_COMPILER_GLOBAL_ACCENT_COLOR_NAME = AccentColor;
				CODE_SIGN_STYLE = Automatic;
				CURRENT_PROJECT_VERSION = 1;
				DEVELOPMENT_TEAM = 9694Q29RZR;
				GENERATE_INFOPLIST_FILE = YES;
				INFOPLIST_FILE = getsome/Info.plist;
				INFOPLIST_KEY_CFBundleDisplayName = "Get Some";
				INFOPLIST_KEY_UIApplicationSupportsIndirectInputEvents = YES;
				INFOPLIST_KEY_UILaunchStoryboardName = LaunchScreen;
				INFOPLIST_KEY_UIMainStoryboardFile = Main;
				INFOPLIST_KEY_UISupportedInterfaceOrientations = UIInterfaceOrientationPortrait;
				INFOPLIST_KEY_UISupportedInterfaceOrientations_iPad = "UIInterfaceOrientationPortrait UIInterfaceOrientationPortraitUpsideDown UIInterfaceOrientationLandscapeLeft UIInterfaceOrientationLandscapeRight";
				INFOPLIST_KEY_UISupportedInterfaceOrientations_iPhone = "UIInterfaceOrientationPortrait UIInterfaceOrientationLandscapeLeft UIInterfaceOrientationLandscapeRight";
				IPHONEOS_DEPLOYMENT_TARGET = 13.0;
				LD_RUNPATH_SEARCH_PATHS = (
					"$(inherited)",
					"@executable_path/Frameworks",
				);
				MARKETING_VERSION = 1.0;
				PRODUCT_BUNDLE_IDENTIFIER = com.oblomov.getsome;
				PRODUCT_NAME = "$(TARGET_NAME)";
				SWIFT_EMIT_LOC_STRINGS = YES;
				SWIFT_VERSION = 5.0;
				TARGETED_DEVICE_FAMILY = 1;
			};
			name = Release;
		};
/* End XCBuildConfiguration section */

/* Begin XCConfigurationList section */
		3091EA2227A2DA7A00249DFA /* Build configuration list for PBXProject "getsome" */ = {
			isa = XCConfigurationList;
			buildConfigurations = (
				3091EA3C27A2DA7C00249DFA /* Debug */,
				3091EA3D27A2DA7C00249DFA /* Release */,
			);
			defaultConfigurationIsVisible = 0;
			defaultConfigurationName = Release;
		};
		3091EA3E27A2DA7C00249DFA /* Build configuration list for PBXNativeTarget "getsome" */ = {
			isa = XCConfigurationList;
			buildConfigurations = (
				3091EA3F27A2DA7C00249DFA /* Debug */,
				3091EA4027A2DA7C00249DFA /* Release */,
			);
			defaultConfigurationIsVisible = 0;
			defaultConfigurationName = Release;
		};
/* End XCConfigurationList section */

/* Begin XCVersionGroup section */
		3091EA3327A2DA7A00249DFA /* getsome.xcdatamodeld */ = {
			isa = XCVersionGroup;
			children = (
				3091EA3427A2DA7A00249DFA /* getsome.xcdatamodel */,
			);
			currentVersion = 3091EA3427A2DA7A00249DFA /* getsome.xcdatamodel */;
			path = getsome.xcdatamodeld;
			sourceTree = "<group>";
			versionGroupType = wrapper.xcdatamodel;
		};
/* End XCVersionGroup section */
	};
	rootObject = 3091EA1F27A2DA7A00249DFA /* Project object */;
}
